
Microsoft Visual Studio Solution File, Format Version 12.00
# Visual Studio 15
VisualStudioVersion = 15.0.28307.168
MinimumVisualStudioVersion = 10.0.40219.1
Project("{FAE04EC0-301F-11D3-BF4B-00C04F79EFBC}") = "WebTest", "WebTest\WebTest.csproj", "{6C81EFC1-33A1-41D7-8212-C28D5EF27245}"
EndProject
Project("{FAE04EC0-301F-11D3-BF4B-00C04F79EFBC}") = "Test", "Test\Test.csproj", "{C3AC82FF-E031-4494-819E-3354FF9A8D06}"
EndProject
Global
	GlobalSection(SolutionConfigurationPlatforms) = preSolution
		Debug|Any CPU = Debug|Any CPU
		Release|Any CPU = Release|Any CPU
	EndGlobalSection
	GlobalSection(ProjectConfigurationPlatforms) = postSolution
		{6C81EFC1-33A1-41D7-8212-C28D5EF27245}.Debug|Any CPU.ActiveCfg = Debug|Any CPU
		{6C81EFC1-33A1-41D7-8212-C28D5EF27245}.Debug|Any CPU.Build.0 = Debug|Any CPU
		{6C81EFC1-33A1-41D7-8212-C28D5EF27245}.Release|Any CPU.ActiveCfg = Release|Any CPU
		{6C81EFC1-33A1-41D7-8212-C28D5EF27245}.Release|Any CPU.Build.0 = Release|Any CPU
		{C3AC82FF-E031-4494-819E-3354FF9A8D06}.Debug|Any CPU.ActiveCfg = Debug|Any CPU
		{C3AC82FF-E031-4494-819E-3354FF9A8D06}.Debug|Any CPU.Build.0 = Debug|Any CPU
		{C3AC82FF-E031-4494-819E-3354FF9A8D06}.Release|Any CPU.ActiveCfg = Release|Any CPU
		{C3AC82FF-E031-4494-819E-3354FF9A8D06}.Release|Any CPU.Build.0 = Release|Any CPU
	EndGlobalSection
	GlobalSection(SolutionProperties) = preSolution
		HideSolutionNode = FALSE
	EndGlobalSection
	GlobalSection(ExtensibilityGlobals) = postSolution
		SolutionGuid = {4423355D-BC41-4134-8FC8-55F57962BA24}
	EndGlobalSection
EndGlobal
