
Microsoft Visual Studio Solution File, Format Version 12.00
# Visual Studio 15
VisualStudioVersion = 15.0.28307.329
MinimumVisualStudioVersion = 10.0.40219.1
Project("{9A19103F-16F7-4668-BE54-9A1E7A4F7556}") = "ToolGood.AntiDuplication", "ToolGood.AntiDuplication\ToolGood.AntiDuplication.csproj", "{7CC9DD8F-3077-40BF-A144-35AD4F685B4E}"
EndProject
Project("{FAE04EC0-301F-11D3-BF4B-00C04F79EFBC}") = "ToolGood.AntiDuplication.Test", "ToolGood.AntiDuplication.Test\ToolGood.AntiDuplication.Test.csproj", "{8F61F9E8-0976-49F8-8D44-F228EE2CFDC0}"
EndProject
Global
	GlobalSection(SolutionConfigurationPlatforms) = preSolution
		Debug|Any CPU = Debug|Any CPU
		Release|Any CPU = Release|Any CPU
	EndGlobalSection
	GlobalSection(ProjectConfigurationPlatforms) = postSolution
		{7CC9DD8F-3077-40BF-A144-35AD4F685B4E}.Debug|Any CPU.ActiveCfg = Debug|Any CPU
		{7CC9DD8F-3077-40BF-A144-35AD4F685B4E}.Debug|Any CPU.Build.0 = Debug|Any CPU
		{7CC9DD8F-3077-40BF-A144-35AD4F685B4E}.Release|Any CPU.ActiveCfg = Release|Any CPU
		{7CC9DD8F-3077-40BF-A144-35AD4F685B4E}.Release|Any CPU.Build.0 = Release|Any CPU
		{8F61F9E8-0976-49F8-8D44-F228EE2CFDC0}.Debug|Any CPU.ActiveCfg = Debug|Any CPU
		{8F61F9E8-0976-49F8-8D44-F228EE2CFDC0}.Debug|Any CPU.Build.0 = Debug|Any CPU
		{8F61F9E8-0976-49F8-8D44-F228EE2CFDC0}.Release|Any CPU.ActiveCfg = Release|Any CPU
		{8F61F9E8-0976-49F8-8D44-F228EE2CFDC0}.Release|Any CPU.Build.0 = Release|Any CPU
	EndGlobalSection
	GlobalSection(SolutionProperties) = preSolution
		HideSolutionNode = FALSE
	EndGlobalSection
	GlobalSection(ExtensibilityGlobals) = postSolution
		SolutionGuid = {495C7FE9-B836-4348-96E3-E9601AFEDD0B}
	EndGlobalSection
EndGlobal
